{
  "sources": {
    "apt": {
      "locked_version": "2.3.9",
      "git": "git@github.com:opscode-cookbooks/apt.git",
      "ref": "8ef28bceaa6a9eded47e640d26df4a6f3a80320c"
    },
    "python": {
      "locked_version": "1.4.7",
      "git": "git@github.com:poise/python.git",
      "ref": "574ad93c308f77cf6a3d40237be806033cfabde9"
    },
    "nginx": {
      "locked_version": "2.4.3",
      "git": "git@github.com:opscode-cookbooks/nginx.git",
      "ref": "fc572f0eab471d9a0c609d2b415ec89c6a5ced50"
    },
    "postgresql": {
      "locked_version": "3.3.4",
      "git": "git@github.com:hw-cookbooks/postgresql.git",
      "ref": "5800238828b443725442fe510ec4f5308ed9ce8b"
    },
    "mongodb": {
      "locked_version": "0.15.0",
      "git": "git@github.com:edelight/chef-mongodb.git",
      "ref": "16d697608a5c44349ff5dffc564cff119707cac5"
    },
    "chef-solo-search": {
      "locked_version": "0.5.1",
      "git": "git@github.com:edelight/chef-solo-search.git",
      "ref": "14943e4f1a0b541bb7cf2187f5100df24f97dfc8"
    },
    "equityboss": {
      "path": "../../apps/cookbook-eq"
    },
    "build-essential": {
      "locked_version": "1.4.4"
    },
    "yum-epel": {
      "locked_version": "0.3.4"
    },
    "yum": {
      "locked_version": "3.1.2"
    },
    "bluepill": {
      "locked_version": "2.3.1"
    },
    "rsyslog": {
      "locked_version": "1.12.2"
    },
    "ohai": {
      "locked_version": "1.1.12"
    },
    "runit": {
      "locked_version": "1.5.10"
    },
    "openssl": {
      "locked_version": "1.1.0"
    }
  }
}

